
Microsoft Visual Studio Solution File, Format Version 12.00
# Visual Studio Version 16
VisualStudioVersion = 16.0.31829.152
MinimumVisualStudioVersion = 10.0.40219.1
Project("{FAE04EC0-301F-11D3-BF4B-00C04F79EFBC}") = "SimpleCRUD", "SimpleCRUD\SimpleCRUD.csproj", "{7652847A-7046-4338-950F-42A81AAA87FE}"
EndProject
Global
	GlobalSection(SolutionConfigurationPlatforms) = preSolution
		Debug|Any CPU = Debug|Any CPU
		Release|Any CPU = Release|Any CPU
	EndGlobalSection
	GlobalSection(ProjectConfigurationPlatforms) = postSolution
		{7652847A-7046-4338-950F-42A81AAA87FE}.Debug|Any CPU.ActiveCfg = Debug|Any CPU
		{7652847A-7046-4338-950F-42A81AAA87FE}.Debug|Any CPU.Build.0 = Debug|Any CPU
		{7652847A-7046-4338-950F-42A81AAA87FE}.Release|Any CPU.ActiveCfg = Release|Any CPU
		{7652847A-7046-4338-950F-42A81AAA87FE}.Release|Any CPU.Build.0 = Release|Any CPU
	EndGlobalSection
	GlobalSection(SolutionProperties) = preSolution
		HideSolutionNode = FALSE
	EndGlobalSection
	GlobalSection(ExtensibilityGlobals) = postSolution
		SolutionGuid = {768BDD53-3C35-49DB-988B-CA6BABCD4584}
	EndGlobalSection
EndGlobal
